{
  "name": "validation",
  "version": "1.0.0",
  "lockfileVersion": 2,
  "requires": true,
  "packages": {
    "": {
      "name": "validation",
      "version": "1.0.0",
      "license": "ISC",
      "dependencies": {
        "ag-grid-community": "^23.2.0",
        "lodash": "^4.17.15",
        "validate.js": "^0.13.1"
      },
      "devDependencies": {
        "@types/node": "^20.5.9"
      }
    },
    "node_modules/@types/node": {
      "version": "20.5.9",
      "resolved": "https://registry.npmjs.org/@types/node/-/node-20.5.9.tgz",
      "integrity": "sha512-PcGNd//40kHAS3sTlzKB9C9XL4K0sTup8nbG5lC14kzEteTNuAFh9u5nA0o5TWnSG2r/JNPRXFVcHJIIeRlmqQ==",
      "dev": true
    },
    "node_modules/ag-grid-community": {
      "version": "23.2.1",
      "resolved": "https://registry.npmjs.org/ag-grid-community/-/ag-grid-community-23.2.1.tgz",
      "integrity": "sha512-WHfDV7mFsd6eQJ5yOu26nnpnW7Gd02zcp9LHHfKQky8lfgTEo382qcja7MibHzB2f5vOCBdQnOPsWrbBNKRzhQ==",
      "license": "MIT"
    },
    "node_modules/lodash": {
      "version": "4.17.21",
      "resolved": "https://registry.npmjs.org/lodash/-/lodash-4.17.21.tgz",
      "integrity": "sha512-v2kDEe57lecTulaDIuNTPy3Ry4gLGJ6Z1O3vE1krgXZNrsQ+LFTGHVxVjcXPs17LhbZVGedAJv8XZ1tvj5FvSg==",
      "license": "MIT"
    },
    "node_modules/validate.js": {
      "version": "0.13.1",
      "resolved": "https://registry.npmjs.org/validate.js/-/validate.js-0.13.1.tgz",
      "integrity": "sha512-PnFM3xiZ+kYmLyTiMgTYmU7ZHkjBZz2/+F0DaALc/uUtVzdCt1wAosvYJ5hFQi/hz8O4zb52FQhHZRC+uVkJ+g==",
      "license": "MIT"
    }
  },
  "dependencies": {
    "@types/node": {
      "version": "20.5.9",
      "resolved": "https://registry.npmjs.org/@types/node/-/node-20.5.9.tgz",
      "integrity": "sha512-PcGNd//40kHAS3sTlzKB9C9XL4K0sTup8nbG5lC14kzEteTNuAFh9u5nA0o5TWnSG2r/JNPRXFVcHJIIeRlmqQ==",
      "dev": true
    },
    "ag-grid-community": {
      "version": "23.2.1",
      "resolved": "https://registry.npmjs.org/ag-grid-community/-/ag-grid-community-23.2.1.tgz",
      "integrity": "sha512-WHfDV7mFsd6eQJ5yOu26nnpnW7Gd02zcp9LHHfKQky8lfgTEo382qcja7MibHzB2f5vOCBdQnOPsWrbBNKRzhQ=="
    },
    "lodash": {
      "version": "4.17.21",
      "resolved": "https://registry.npmjs.org/lodash/-/lodash-4.17.21.tgz",
      "integrity": "sha512-v2kDEe57lecTulaDIuNTPy3Ry4gLGJ6Z1O3vE1krgXZNrsQ+LFTGHVxVjcXPs17LhbZVGedAJv8XZ1tvj5FvSg=="
    },
    "validate.js": {
      "version": "0.13.1",
      "resolved": "https://registry.npmjs.org/validate.js/-/validate.js-0.13.1.tgz",
      "integrity": "sha512-PnFM3xiZ+kYmLyTiMgTYmU7ZHkjBZz2/+F0DaALc/uUtVzdCt1wAosvYJ5hFQi/hz8O4zb52FQhHZRC+uVkJ+g=="
    }
  }
}
