# THIS IS AN AUTOGENERATED FILE. DO NOT EDIT THIS FILE DIRECTLY.
# yarn lockfile v1


"@types/node@^20.5.9":
  "integrity" "sha512-PcGNd//40kHAS3sTlzKB9C9XL4K0sTup8nbG5lC14kzEteTNuAFh9u5nA0o5TWnSG2r/JNPRXFVcHJIIeRlmqQ=="
  "resolved" "https://registry.npmjs.org/@types/node/-/node-20.5.9.tgz"
  "version" "20.5.9"

"ag-grid-community@^23.2.0":
  "integrity" "sha512-WHfDV7mFsd6eQJ5yOu26nnpnW7Gd02zcp9LHHfKQky8lfgTEo382qcja7MibHzB2f5vOCBdQnOPsWrbBNKRzhQ=="
  "resolved" "https://registry.npmjs.org/ag-grid-community/-/ag-grid-community-23.2.1.tgz"
  "version" "23.2.1"

"lodash@^4.17.15":
  "integrity" "sha512-v2kDEe57lecTulaDIuNTPy3Ry4gLGJ6Z1O3vE1krgXZNrsQ+LFTGHVxVjcXPs17LhbZVGedAJv8XZ1tvj5FvSg=="
  "resolved" "https://registry.npmjs.org/lodash/-/lodash-4.17.21.tgz"
  "version" "4.17.21"

"validate.js@^0.13.1":
  "integrity" "sha512-PnFM3xiZ+kYmLyTiMgTYmU7ZHkjBZz2/+F0DaALc/uUtVzdCt1wAosvYJ5hFQi/hz8O4zb52FQhHZRC+uVkJ+g=="
  "resolved" "https://registry.npmjs.org/validate.js/-/validate.js-0.13.1.tgz"
  "version" "0.13.1"
